NeoBundleLock Lucius 7ed02d3e4a8f2cfeda03ac67cf6879098cbc068a
NeoBundleLock Zenburn 33e67af2418e4775c2a7abc6e8fef401e697e1eb
NeoBundleLock accelerated-jk 43bfa97e35e39d9e7fa88a20b090d8f8db3504c2
NeoBundleLock ag.vim f05f31352689be245611c893b37652110f27a2c5
NeoBundleLock emmet-vim 1c46c5fb775606621906f0bedc8da8bc636c1dac
NeoBundleLock gruvbox 2480e488809d3686aeecea45582942ad6ec704fd
NeoBundleLock jellybeans.vim f931895c20681684278aef2ffd810730b9c36ec3
NeoBundleLock molokai db8ce13b3737d3ddea8368498183d7c204a762eb
NeoBundleLock mrkn256.vim 038b1839405a32e2547289e9d0cdc666d874a6fb
NeoBundleLock mru 516ab9850fbc3347d812d434f9d2440f87a68af1
NeoBundleLock mustang-vim 6533d7d21bf27cae94d9c2caa575f627f003dfd5
NeoBundleLock neobundle.vim da586948ea027442d6c1b724e3b8c0937e224454
NeoBundleLock nerdcommenter 6549cfde45339bd4f711504196ff3e8b766ef5e6
NeoBundleLock nerdtree 3b98a7fcae8f9fff356907171f0406ff8cd28921
NeoBundleLock opsplorer cef49a74361554a7b587a4531f68a42b5286ab98
NeoBundleLock scss-syntax.vim 35f47ff7473939fdfcf7ba9ce36f0d8fb4bd4142
NeoBundleLock syntastic 4fbe5f52c7c485da1f1169cfb16a69fb241667b3
NeoBundleLock unite-colorscheme 3aa33866a183f7659594a3f6b66b2334eaebc6a0
NeoBundleLock unite.vim 01b8fb72250fde5e579535fa10301570130d8690
NeoBundleLock vim-autoclose a9a3b7384657bc1f60a963fd6c08c63fc48d61c3
NeoBundleLock vim-coffee-script 32fe889b8cafd3a4921ef8e6485156453ff58c42
NeoBundleLock vim-colors-solarized 528a59f26d12278698bb946f8fb82a63711eec21
NeoBundleLock vim-colors-wombat fb44c8db8563946de191b1856e3cfffe0cdb622d
NeoBundleLock vim-endwise bba43b831ae0485cf9b86d16340a6a314b927391
NeoBundleLock vim-pyte a1071f30656b26645b69f59e1e05257829a39620
NeoBundleLock vim-rails e389f6e7c92f36bf4bf92a5cb49d3ce2e6c8794b
NeoBundleLock vim-railscasts-theme 9035daff38dbbd30229890f26e54d9a7a71deca3
NeoBundleLock vim-slim 0daaa8581f9a9968cebbc7d14ae9acf1625c0389
